// !$*UTF8*$!
{
	archiveVersion = 1;
	classes = {
	};
	objectVersion = 56;
	objects = {

/* Begin PBXBuildFile section */
		AA1D0CA628E57AB3006EE52B /* config.json in Resources */ = {isa = PBXBuildFile; fileRef = AA1D0CA528E57AB3006EE52B /* config.json */; };
		AA1D0CAA28E57BA8006EE52B /* Colors.swift in Sources */ = {isa = PBXBuildFile; fileRef = AA1D0CA928E57BA8006EE52B /* Colors.swift */; };
		AA1D0CAC28E57BC0006EE52B /* Image.swift in Sources */ = {isa = PBXBuildFile; fileRef = AA1D0CAB28E57BC0006EE52B /* Image.swift */; };
		AA1D0CB228E587B5006EE52B /* SelectionView.swift in Sources */ = {isa = PBXBuildFile; fileRef = AA1D0CB128E587B5006EE52B /* SelectionView.swift */; };
		AA1D0CB428E58C1E006EE52B /* Symbols.swift in Sources */ = {isa = PBXBuildFile; fileRef = AA1D0CB328E58C1E006EE52B /* Symbols.swift */; };
		AA1D0CB628E591EE006EE52B /* SelectionModel.swift in Sources */ = {isa = PBXBuildFile; fileRef = AA1D0CB528E591EE006EE52B /* SelectionModel.swift */; };
		AA1D0CB828E5D3C4006EE52B /* SelectionViewModel.swift in Sources */ = {isa = PBXBuildFile; fileRef = AA1D0CB728E5D3C4006EE52B /* SelectionViewModel.swift */; };
		AA1D0CBA28E6C877006EE52B /* Navigation.swift in Sources */ = {isa = PBXBuildFile; fileRef = AA1D0CB928E6C877006EE52B /* Navigation.swift */; };
		AA26DFEE28E3174900B9E23A /* LinkbuilderApp.swift in Sources */ = {isa = PBXBuildFile; fileRef = AA26DFED28E3174900B9E23A /* LinkbuilderApp.swift */; };
		AA26DFF228E3174900B9E23A /* Assets.xcassets in Resources */ = {isa = PBXBuildFile; fileRef = AA26DFF128E3174900B9E23A /* Assets.xcassets */; };
		AA26DFF528E3174900B9E23A /* Preview Assets.xcassets in Resources */ = {isa = PBXBuildFile; fileRef = AA26DFF428E3174900B9E23A /* Preview Assets.xcassets */; };
		AA26DFFD28E32C0F00B9E23A /* Lottie in Frameworks */ = {isa = PBXBuildFile; productRef = AA26DFFC28E32C0F00B9E23A /* Lottie */; };
		AA26DFFF28E32C7A00B9E23A /* lottie-tree.json in Resources */ = {isa = PBXBuildFile; fileRef = AA26DFFE28E32C7A00B9E23A /* lottie-tree.json */; };
		AA26E00128E32D1B00B9E23A /* LottieView.swift in Sources */ = {isa = PBXBuildFile; fileRef = AA26E00028E32D1B00B9E23A /* LottieView.swift */; };
		AA26E00928E4839B00B9E23A /* SplashScreen.swift in Sources */ = {isa = PBXBuildFile; fileRef = AA26E00828E4839B00B9E23A /* SplashScreen.swift */; };
/* End PBXBuildFile section */

/* Begin PBXFileReference section */
		AA1D0CA528E57AB3006EE52B /* config.json */ = {isa = PBXFileReference; fileEncoding = 4; lastKnownFileType = text.json; path = config.json; sourceTree = "<group>"; };
		AA1D0CA928E57BA8006EE52B /* Colors.swift */ = {isa = PBXFileReference; lastKnownFileType = sourcecode.swift; path = Colors.swift; sourceTree = "<group>"; };
		AA1D0CAB28E57BC0006EE52B /* Image.swift */ = {isa = PBXFileReference; lastKnownFileType = sourcecode.swift; path = Image.swift; sourceTree = "<group>"; };
		AA1D0CB128E587B5006EE52B /* SelectionView.swift */ = {isa = PBXFileReference; lastKnownFileType = sourcecode.swift; path = SelectionView.swift; sourceTree = "<group>"; };
		AA1D0CB328E58C1E006EE52B /* Symbols.swift */ = {isa = PBXFileReference; lastKnownFileType = sourcecode.swift; path = Symbols.swift; sourceTree = "<group>"; };
		AA1D0CB528E591EE006EE52B /* SelectionModel.swift */ = {isa = PBXFileReference; lastKnownFileType = sourcecode.swift; path = SelectionModel.swift; sourceTree = "<group>"; };
		AA1D0CB728E5D3C4006EE52B /* SelectionViewModel.swift */ = {isa = PBXFileReference; lastKnownFileType = sourcecode.swift; path = SelectionViewModel.swift; sourceTree = "<group>"; };
		AA1D0CB928E6C877006EE52B /* Navigation.swift */ = {isa = PBXFileReference; lastKnownFileType = sourcecode.swift; path = Navigation.swift; sourceTree = "<group>"; };
		AA26DFEA28E3174900B9E23A /* linkbuilder.app */ = {isa = PBXFileReference; explicitFileType = wrapper.application; includeInIndex = 0; path = linkbuilder.app; sourceTree = BUILT_PRODUCTS_DIR; };
		AA26DFED28E3174900B9E23A /* LinkbuilderApp.swift */ = {isa = PBXFileReference; lastKnownFileType = sourcecode.swift; path = LinkbuilderApp.swift; sourceTree = "<group>"; };
		AA26DFF128E3174900B9E23A /* Assets.xcassets */ = {isa = PBXFileReference; lastKnownFileType = folder.assetcatalog; path = Assets.xcassets; sourceTree = "<group>"; };
		AA26DFF428E3174900B9E23A /* Preview Assets.xcassets */ = {isa = PBXFileReference; lastKnownFileType = folder.assetcatalog; path = "Preview Assets.xcassets"; sourceTree = "<group>"; };
		AA26DFFE28E32C7A00B9E23A /* lottie-tree.json */ = {isa = PBXFileReference; fileEncoding = 4; lastKnownFileType = text.json; path = "lottie-tree.json"; sourceTree = "<group>"; };
		AA26E00028E32D1B00B9E23A /* LottieView.swift */ = {isa = PBXFileReference; lastKnownFileType = sourcecode.swift; path = LottieView.swift; sourceTree = "<group>"; };
		AA26E00828E4839B00B9E23A /* SplashScreen.swift */ = {isa = PBXFileReference; lastKnownFileType = sourcecode.swift; path = SplashScreen.swift; sourceTree = "<group>"; };
/* End PBXFileReference section */

/* Begin PBXFrameworksBuildPhase section */
		AA26DFE728E3174900B9E23A /* Frameworks */ = {
			isa = PBXFrameworksBuildPhase;
			buildActionMask = 2147483647;
			files = (
				AA26DFFD28E32C0F00B9E23A /* Lottie in Frameworks */,
			);
			runOnlyForDeploymentPostprocessing = 0;
		};
/* End PBXFrameworksBuildPhase section */

/* Begin PBXGroup section */
		AA1D0CA328E57A64006EE52B /* Resources */ = {
			isa = PBXGroup;
			children = (
				AA1D0CA428E57A7C006EE52B /* JSON */,
			);
			path = Resources;
			sourceTree = "<group>";
		};
		AA1D0CA428E57A7C006EE52B /* JSON */ = {
			isa = PBXGroup;
			children = (
				AA1D0CA528E57AB3006EE52B /* config.json */,
				AA26DFFE28E32C7A00B9E23A /* lottie-tree.json */,
			);
			path = JSON;
			sourceTree = "<group>";
		};
		AA1D0CA728E57B92006EE52B /* Base */ = {
			isa = PBXGroup;
			children = (
				AA26E00028E32D1B00B9E23A /* LottieView.swift */,
				AA1D0CA828E57B99006EE52B /* Extension */,
				AA1D0CB328E58C1E006EE52B /* Symbols.swift */,
			);
			path = Base;
			sourceTree = "<group>";
		};
		AA1D0CA828E57B99006EE52B /* Extension */ = {
			isa = PBXGroup;
			children = (
				AA1D0CA928E57BA8006EE52B /* Colors.swift */,
				AA1D0CAB28E57BC0006EE52B /* Image.swift */,
				AA1D0CB928E6C877006EE52B /* Navigation.swift */,
			);
			path = Extension;
			sourceTree = "<group>";
		};
		AA1D0CAD28E57CBD006EE52B /* Features */ = {
			isa = PBXGroup;
			children = (
				AA1D0CB028E5875F006EE52B /* Selection */,
				AA1D0CAE28E57CCB006EE52B /* Splash */,
			);
			path = Features;
			sourceTree = "<group>";
		};
		AA1D0CAE28E57CCB006EE52B /* Splash */ = {
			isa = PBXGroup;
			children = (
				AA26E00828E4839B00B9E23A /* SplashScreen.swift */,
			);
			path = Splash;
			sourceTree = "<group>";
		};
		AA1D0CB028E5875F006EE52B /* Selection */ = {
			isa = PBXGroup;
			children = (
				AA1D0CB128E587B5006EE52B /* SelectionView.swift */,
				AA1D0CB528E591EE006EE52B /* SelectionModel.swift */,
				AA1D0CB728E5D3C4006EE52B /* SelectionViewModel.swift */,
			);
			path = Selection;
			sourceTree = "<group>";
		};
		AA26DFE128E3174900B9E23A = {
			isa = PBXGroup;
			children = (
				AA26DFEC28E3174900B9E23A /* linkbuilder */,
				AA26DFEB28E3174900B9E23A /* Products */,
			);
			sourceTree = "<group>";
		};
		AA26DFEB28E3174900B9E23A /* Products */ = {
			isa = PBXGroup;
			children = (
				AA26DFEA28E3174900B9E23A /* linkbuilder.app */,
			);
			name = Products;
			sourceTree = "<group>";
		};
		AA26DFEC28E3174900B9E23A /* linkbuilder */ = {
			isa = PBXGroup;
			children = (
				AA1D0CA728E57B92006EE52B /* Base */,
				AA1D0CAD28E57CBD006EE52B /* Features */,
				AA1D0CA328E57A64006EE52B /* Resources */,
				AA26DFED28E3174900B9E23A /* LinkbuilderApp.swift */,
				AA26DFF128E3174900B9E23A /* Assets.xcassets */,
				AA26DFF328E3174900B9E23A /* Preview Content */,
			);
			path = linkbuilder;
			sourceTree = "<group>";
		};
		AA26DFF328E3174900B9E23A /* Preview Content */ = {
			isa = PBXGroup;
			children = (
				AA26DFF428E3174900B9E23A /* Preview Assets.xcassets */,
			);
			path = "Preview Content";
			sourceTree = "<group>";
		};
/* End PBXGroup section */

/* Begin PBXNativeTarget section */
		AA26DFE928E3174900B9E23A /* linkbuilder */ = {
			isa = PBXNativeTarget;
			buildConfigurationList = AA26DFF828E3174900B9E23A /* Build configuration list for PBXNativeTarget "linkbuilder" */;
			buildPhases = (
				AA26DFE628E3174900B9E23A /* Sources */,
				AA26DFE728E3174900B9E23A /* Frameworks */,
				AA26DFE828E3174900B9E23A /* Resources */,
				AA26E00728E482E700B9E23A /* ShellScript */,
			);
			buildRules = (
			);
			dependencies = (
			);
			name = linkbuilder;
			packageProductDependencies = (
				AA26DFFC28E32C0F00B9E23A /* Lottie */,
			);
			productName = linkbuilder;
			productReference = AA26DFEA28E3174900B9E23A /* linkbuilder.app */;
			productType = "com.apple.product-type.application";
		};
/* End PBXNativeTarget section */

/* Begin PBXProject section */
		AA26DFE228E3174900B9E23A /* Project object */ = {
			isa = PBXProject;
			attributes = {
				BuildIndependentTargetsInParallel = 1;
				LastSwiftUpdateCheck = 1400;
				LastUpgradeCheck = 1400;
				TargetAttributes = {
					AA26DFE928E3174900B9E23A = {
						CreatedOnToolsVersion = 14.0;
					};
				};
			};
			buildConfigurationList = AA26DFE528E3174900B9E23A /* Build configuration list for PBXProject "linkbuilder" */;
			compatibilityVersion = "Xcode 14.0";
			developmentRegion = en;
			hasScannedForEncodings = 0;
			knownRegions = (
				en,
				Base,
			);
			mainGroup = AA26DFE128E3174900B9E23A;
			packageReferences = (
				AA26DFFB28E32C0F00B9E23A /* XCRemoteSwiftPackageReference "lottie-ios" */,
			);
			productRefGroup = AA26DFEB28E3174900B9E23A /* Products */;
			projectDirPath = "";
			projectRoot = "";
			targets = (
				AA26DFE928E3174900B9E23A /* linkbuilder */,
			);
		};
/* End PBXProject section */

/* Begin PBXResourcesBuildPhase section */
		AA26DFE828E3174900B9E23A /* Resources */ = {
			isa = PBXResourcesBuildPhase;
			buildActionMask = 2147483647;
			files = (
				AA26DFFF28E32C7A00B9E23A /* lottie-tree.json in Resources */,
				AA1D0CA628E57AB3006EE52B /* config.json in Resources */,
				AA26DFF528E3174900B9E23A /* Preview Assets.xcassets in Resources */,
				AA26DFF228E3174900B9E23A /* Assets.xcassets in Resources */,
			);
			runOnlyForDeploymentPostprocessing = 0;
		};
/* End PBXResourcesBuildPhase section */

/* Begin PBXShellScriptBuildPhase section */
		AA26E00728E482E700B9E23A /* ShellScript */ = {
			isa = PBXShellScriptBuildPhase;
			buildActionMask = 2147483647;
			files = (
			);
			inputFileListPaths = (
			);
			inputPaths = (
			);
			outputFileListPaths = (
			);
			outputPaths = (
			);
			runOnlyForDeploymentPostprocessing = 0;
			shellPath = /bin/sh;
			shellScript = "export PATH=\"$PATH:/opt/homebrew/bin\"\nif which swiftlint > /dev/null; then\n swiftlint\nelse\n  echo \"warning: SwiftLint not installed, download from https://github.com/realm/SwiftLint\"\nfi\n";
		};
/* End PBXShellScriptBuildPhase section */

/* Begin PBXSourcesBuildPhase section */
		AA26DFE628E3174900B9E23A /* Sources */ = {
			isa = PBXSourcesBuildPhase;
			buildActionMask = 2147483647;
			files = (
				AA26E00928E4839B00B9E23A /* SplashScreen.swift in Sources */,
				AA1D0CB628E591EE006EE52B /* SelectionModel.swift in Sources */,
				AA1D0CB428E58C1E006EE52B /* Symbols.swift in Sources */,
				AA1D0CBA28E6C877006EE52B /* Navigation.swift in Sources */,
				AA1D0CB828E5D3C4006EE52B /* SelectionViewModel.swift in Sources */,
				AA1D0CAC28E57BC0006EE52B /* Image.swift in Sources */,
				AA1D0CAA28E57BA8006EE52B /* Colors.swift in Sources */,
				AA26DFEE28E3174900B9E23A /* LinkbuilderApp.swift in Sources */,
				AA1D0CB228E587B5006EE52B /* SelectionView.swift in Sources */,
				AA26E00128E32D1B00B9E23A /* LottieView.swift in Sources */,
			);
			runOnlyForDeploymentPostprocessing = 0;
		};
/* End PBXSourcesBuildPhase section */

/* Begin XCBuildConfiguration section */
		AA26DFF628E3174900B9E23A /* Debug */ = {
			isa = XCBuildConfiguration;
			buildSettings = {
				ALWAYS_SEARCH_USER_PATHS = NO;
				CLANG_ANALYZER_NONNULL = YES;
				CLANG_ANALYZER_NUMBER_OBJECT_CONVERSION = YES_AGGRESSIVE;
				CLANG_CXX_LANGUAGE_STANDARD = "gnu++20";
				CLANG_ENABLE_MODULES = YES;
				CLANG_ENABLE_OBJC_ARC = YES;
				CLANG_ENABLE_OBJC_WEAK = YES;
				CLANG_WARN_BLOCK_CAPTURE_AUTORELEASING = YES;
				CLANG_WARN_BOOL_CONVERSION = YES;
				CLANG_WARN_COMMA = YES;
				CLANG_WARN_CONSTANT_CONVERSION = YES;
				CLANG_WARN_DEPRECATED_OBJC_IMPLEMENTATIONS = YES;
				CLANG_WARN_DIRECT_OBJC_ISA_USAGE = YES_ERROR;
				CLANG_WARN_DOCUMENTATION_COMMENTS = YES;
				CLANG_WARN_EMPTY_BODY = YES;
				CLANG_WARN_ENUM_CONVERSION = YES;
				CLANG_WARN_INFINITE_RECURSION = YES;
				CLANG_WARN_INT_CONVERSION = YES;
				CLANG_WARN_NON_LITERAL_NULL_CONVERSION = YES;
				CLANG_WARN_OBJC_IMPLICIT_RETAIN_SELF = YES;
				CLANG_WARN_OBJC_LITERAL_CONVERSION = YES;
				CLANG_WARN_OBJC_ROOT_CLASS = YES_ERROR;
				CLANG_WARN_QUOTED_INCLUDE_IN_FRAMEWORK_HEADER = YES;
				CLANG_WARN_RANGE_LOOP_ANALYSIS = YES;
				CLANG_WARN_STRICT_PROTOTYPES = YES;
				CLANG_WARN_SUSPICIOUS_MOVE = YES;
				CLANG_WARN_UNGUARDED_AVAILABILITY = YES_AGGRESSIVE;
				CLANG_WARN_UNREACHABLE_CODE = YES;
				CLANG_WARN__DUPLICATE_METHOD_MATCH = YES;
				COPY_PHASE_STRIP = NO;
				DEBUG_INFORMATION_FORMAT = dwarf;
				ENABLE_STRICT_OBJC_MSGSEND = YES;
				ENABLE_TESTABILITY = YES;
				GCC_C_LANGUAGE_STANDARD = gnu11;
				GCC_DYNAMIC_NO_PIC = NO;
				GCC_NO_COMMON_BLOCKS = YES;
				GCC_OPTIMIZATION_LEVEL = 0;
				GCC_PREPROCESSOR_DEFINITIONS = (
					"DEBUG=1",
					"$(inherited)",
				);
				GCC_WARN_64_TO_32_BIT_CONVERSION = YES;
				GCC_WARN_ABOUT_RETURN_TYPE = YES_ERROR;
				GCC_WARN_UNDECLARED_SELECTOR = YES;
				GCC_WARN_UNINITIALIZED_AUTOS = YES_AGGRESSIVE;
				GCC_WARN_UNUSED_FUNCTION = YES;
				GCC_WARN_UNUSED_VARIABLE = YES;
				IPHONEOS_DEPLOYMENT_TARGET = 16.0;
				MTL_ENABLE_DEBUG_INFO = INCLUDE_SOURCE;
				MTL_FAST_MATH = YES;
				ONLY_ACTIVE_ARCH = YES;
				SDKROOT = iphoneos;
				SWIFT_ACTIVE_COMPILATION_CONDITIONS = DEBUG;
				SWIFT_OPTIMIZATION_LEVEL = "-Onone";
			};
			name = Debug;
		};
		AA26DFF728E3174900B9E23A /* Release */ = {
			isa = XCBuildConfiguration;
			buildSettings = {
				ALWAYS_SEARCH_USER_PATHS = NO;
				CLANG_ANALYZER_NONNULL = YES;
				CLANG_ANALYZER_NUMBER_OBJECT_CONVERSION = YES_AGGRESSIVE;
				CLANG_CXX_LANGUAGE_STANDARD = "gnu++20";
				CLANG_ENABLE_MODULES = YES;
				CLANG_ENABLE_OBJC_ARC = YES;
				CLANG_ENABLE_OBJC_WEAK = YES;
				CLANG_WARN_BLOCK_CAPTURE_AUTORELEASING = YES;
				CLANG_WARN_BOOL_CONVERSION = YES;
				CLANG_WARN_COMMA = YES;
				CLANG_WARN_CONSTANT_CONVERSION = YES;
				CLANG_WARN_DEPRECATED_OBJC_IMPLEMENTATIONS = YES;
				CLANG_WARN_DIRECT_OBJC_ISA_USAGE = YES_ERROR;
				CLANG_WARN_DOCUMENTATION_COMMENTS = YES;
				CLANG_WARN_EMPTY_BODY = YES;
				CLANG_WARN_ENUM_CONVERSION = YES;
				CLANG_WARN_INFINITE_RECURSION = YES;
				CLANG_WARN_INT_CONVERSION = YES;
				CLANG_WARN_NON_LITERAL_NULL_CONVERSION = YES;
				CLANG_WARN_OBJC_IMPLICIT_RETAIN_SELF = YES;
				CLANG_WARN_OBJC_LITERAL_CONVERSION = YES;
				CLANG_WARN_OBJC_ROOT_CLASS = YES_ERROR;
				CLANG_WARN_QUOTED_INCLUDE_IN_FRAMEWORK_HEADER = YES;
				CLANG_WARN_RANGE_LOOP_ANALYSIS = YES;
				CLANG_WARN_STRICT_PROTOTYPES = YES;
				CLANG_WARN_SUSPICIOUS_MOVE = YES;
				CLANG_WARN_UNGUARDED_AVAILABILITY = YES_AGGRESSIVE;
				CLANG_WARN_UNREACHABLE_CODE = YES;
				CLANG_WARN__DUPLICATE_METHOD_MATCH = YES;
				COPY_PHASE_STRIP = NO;
				DEBUG_INFORMATION_FORMAT = "dwarf-with-dsym";
				ENABLE_NS_ASSERTIONS = NO;
				ENABLE_STRICT_OBJC_MSGSEND = YES;
				GCC_C_LANGUAGE_STANDARD = gnu11;
				GCC_NO_COMMON_BLOCKS = YES;
				GCC_WARN_64_TO_32_BIT_CONVERSION = YES;
				GCC_WARN_ABOUT_RETURN_TYPE = YES_ERROR;
				GCC_WARN_UNDECLARED_SELECTOR = YES;
				GCC_WARN_UNINITIALIZED_AUTOS = YES_AGGRESSIVE;
				GCC_WARN_UNUSED_FUNCTION = YES;
				GCC_WARN_UNUSED_VARIABLE = YES;
				IPHONEOS_DEPLOYMENT_TARGET = 16.0;
				MTL_ENABLE_DEBUG_INFO = NO;
				MTL_FAST_MATH = YES;
				SDKROOT = iphoneos;
				SWIFT_COMPILATION_MODE = wholemodule;
				SWIFT_OPTIMIZATION_LEVEL = "-O";
				VALIDATE_PRODUCT = YES;
			};
			name = Release;
		};
		AA26DFF928E3174900B9E23A /* Debug */ = {
			isa = XCBuildConfiguration;
			buildSettings = {
				ASSETCATALOG_COMPILER_APPICON_NAME = AppIcon;
				ASSETCATALOG_COMPILER_GLOBAL_ACCENT_COLOR_NAME = AccentColor;
				CODE_SIGN_STYLE = Automatic;
				CURRENT_PROJECT_VERSION = 1;
				DEVELOPMENT_ASSET_PATHS = "\"linkbuilder/Preview Content\"";
				DEVELOPMENT_TEAM = PRW5YYZGBH;
				ENABLE_PREVIEWS = YES;
				GENERATE_INFOPLIST_FILE = YES;
				INFOPLIST_KEY_UIApplicationSceneManifest_Generation = YES;
				INFOPLIST_KEY_UIApplicationSupportsIndirectInputEvents = YES;
				INFOPLIST_KEY_UILaunchScreen_Generation = YES;
				INFOPLIST_KEY_UISupportedInterfaceOrientations_iPad = "UIInterfaceOrientationPortrait UIInterfaceOrientationPortraitUpsideDown UIInterfaceOrientationLandscapeLeft UIInterfaceOrientationLandscapeRight";
				INFOPLIST_KEY_UISupportedInterfaceOrientations_iPhone = "UIInterfaceOrientationPortrait UIInterfaceOrientationLandscapeLeft UIInterfaceOrientationLandscapeRight";
				LD_RUNPATH_SEARCH_PATHS = (
					"$(inherited)",
					"@executable_path/Frameworks",
				);
				MARKETING_VERSION = 1.0;
				PRODUCT_BUNDLE_IDENTIFIER = axxiome.linkbuilder;
				PRODUCT_NAME = "$(TARGET_NAME)";
				SWIFT_EMIT_LOC_STRINGS = YES;
				SWIFT_VERSION = 5.0;
				TARGETED_DEVICE_FAMILY = "1,2";
			};
			name = Debug;
		};
		AA26DFFA28E3174900B9E23A /* Release */ = {
			isa = XCBuildConfiguration;
			buildSettings = {
				ASSETCATALOG_COMPILER_APPICON_NAME = AppIcon;
				ASSETCATALOG_COMPILER_GLOBAL_ACCENT_COLOR_NAME = AccentColor;
				CODE_SIGN_STYLE = Automatic;
				CURRENT_PROJECT_VERSION = 1;
				DEVELOPMENT_ASSET_PATHS = "\"linkbuilder/Preview Content\"";
				DEVELOPMENT_TEAM = PRW5YYZGBH;
				ENABLE_PREVIEWS = YES;
				GENERATE_INFOPLIST_FILE = YES;
				INFOPLIST_KEY_UIApplicationSceneManifest_Generation = YES;
				INFOPLIST_KEY_UIApplicationSupportsIndirectInputEvents = YES;
				INFOPLIST_KEY_UILaunchScreen_Generation = YES;
				INFOPLIST_KEY_UISupportedInterfaceOrientations_iPad = "UIInterfaceOrientationPortrait UIInterfaceOrientationPortraitUpsideDown UIInterfaceOrientationLandscapeLeft UIInterfaceOrientationLandscapeRight";
				INFOPLIST_KEY_UISupportedInterfaceOrientations_iPhone = "UIInterfaceOrientationPortrait UIInterfaceOrientationLandscapeLeft UIInterfaceOrientationLandscapeRight";
				LD_RUNPATH_SEARCH_PATHS = (
					"$(inherited)",
					"@executable_path/Frameworks",
				);
				MARKETING_VERSION = 1.0;
				PRODUCT_BUNDLE_IDENTIFIER = axxiome.linkbuilder;
				PRODUCT_NAME = "$(TARGET_NAME)";
				SWIFT_EMIT_LOC_STRINGS = YES;
				SWIFT_VERSION = 5.0;
				TARGETED_DEVICE_FAMILY = "1,2";
			};
			name = Release;
		};
/* End XCBuildConfiguration section */

/* Begin XCConfigurationList section */
		AA26DFE528E3174900B9E23A /* Build configuration list for PBXProject "linkbuilder" */ = {
			isa = XCConfigurationList;
			buildConfigurations = (
				AA26DFF628E3174900B9E23A /* Debug */,
				AA26DFF728E3174900B9E23A /* Release */,
			);
			defaultConfigurationIsVisible = 0;
			defaultConfigurationName = Release;
		};
		AA26DFF828E3174900B9E23A /* Build configuration list for PBXNativeTarget "linkbuilder" */ = {
			isa = XCConfigurationList;
			buildConfigurations = (
				AA26DFF928E3174900B9E23A /* Debug */,
				AA26DFFA28E3174900B9E23A /* Release */,
			);
			defaultConfigurationIsVisible = 0;
			defaultConfigurationName = Release;
		};
/* End XCConfigurationList section */

/* Begin XCRemoteSwiftPackageReference section */
		AA26DFFB28E32C0F00B9E23A /* XCRemoteSwiftPackageReference "lottie-ios" */ = {
			isa = XCRemoteSwiftPackageReference;
			repositoryURL = "https://github.com/airbnb/lottie-ios";
			requirement = {
				kind = upToNextMajorVersion;
				minimumVersion = 3.0.0;
			};
		};
/* End XCRemoteSwiftPackageReference section */

/* Begin XCSwiftPackageProductDependency section */
		AA26DFFC28E32C0F00B9E23A /* Lottie */ = {
			isa = XCSwiftPackageProductDependency;
			package = AA26DFFB28E32C0F00B9E23A /* XCRemoteSwiftPackageReference "lottie-ios" */;
			productName = Lottie;
		};
/* End XCSwiftPackageProductDependency section */
	};
	rootObject = AA26DFE228E3174900B9E23A /* Project object */;
}
